
Microsoft Visual Studio Solution File, Format Version 12.00
# Visual Studio Version 16
VisualStudioVersion = 16.0.31205.134
MinimumVisualStudioVersion = 10.0.40219.1
Project("{9A19103F-16F7-4668-BE54-9A1E7A4F7556}") = "MentorCity.Entities", "MentorCity.Entities\MentorCity.Entities.csproj", "{B154B56F-113B-47A2-B948-BD418264614D}"
EndProject
Project("{9A19103F-16F7-4668-BE54-9A1E7A4F7556}") = "MentorCity.API", "MentorCity.API\MentorCity.API.csproj", "{CD82DA61-44D8-4852-8969-E08C76CA54AF}"
EndProject
Project("{FAE04EC0-301F-11D3-BF4B-00C04F79EFBC}") = "MentorCity.Core", "MentorCity.Core\MentorCity.Core.csproj", "{1E498C12-B701-4185-B0D0-A3C5E13E0CA0}"
EndProject
Global
	GlobalSection(SolutionConfigurationPlatforms) = preSolution
		Debug|Any CPU = Debug|Any CPU
		Release|Any CPU = Release|Any CPU
	EndGlobalSection
	GlobalSection(ProjectConfigurationPlatforms) = postSolution
		{B154B56F-113B-47A2-B948-BD418264614D}.Debug|Any CPU.ActiveCfg = Debug|Any CPU
		{B154B56F-113B-47A2-B948-BD418264614D}.Debug|Any CPU.Build.0 = Debug|Any CPU
		{B154B56F-113B-47A2-B948-BD418264614D}.Release|Any CPU.ActiveCfg = Release|Any CPU
		{B154B56F-113B-47A2-B948-BD418264614D}.Release|Any CPU.Build.0 = Release|Any CPU
		{CD82DA61-44D8-4852-8969-E08C76CA54AF}.Debug|Any CPU.ActiveCfg = Debug|Any CPU
		{CD82DA61-44D8-4852-8969-E08C76CA54AF}.Debug|Any CPU.Build.0 = Debug|Any CPU
		{CD82DA61-44D8-4852-8969-E08C76CA54AF}.Release|Any CPU.ActiveCfg = Release|Any CPU
		{CD82DA61-44D8-4852-8969-E08C76CA54AF}.Release|Any CPU.Build.0 = Release|Any CPU
		{1E498C12-B701-4185-B0D0-A3C5E13E0CA0}.Debug|Any CPU.ActiveCfg = Debug|Any CPU
		{1E498C12-B701-4185-B0D0-A3C5E13E0CA0}.Debug|Any CPU.Build.0 = Debug|Any CPU
		{1E498C12-B701-4185-B0D0-A3C5E13E0CA0}.Release|Any CPU.ActiveCfg = Release|Any CPU
		{1E498C12-B701-4185-B0D0-A3C5E13E0CA0}.Release|Any CPU.Build.0 = Release|Any CPU
	EndGlobalSection
	GlobalSection(SolutionProperties) = preSolution
		HideSolutionNode = FALSE
	EndGlobalSection
	GlobalSection(ExtensibilityGlobals) = postSolution
		SolutionGuid = {4C44CAA0-218A-49E8-8684-8F926FC3B6DB}
	EndGlobalSection
EndGlobal
